
Microsoft Visual Studio Solution File, Format Version 12.00
# Visual Studio Version 16
VisualStudioVersion = 16.0.31729.503
MinimumVisualStudioVersion = 10.0.40219.1
Project("{FAE04EC0-301F-11D3-BF4B-00C04F79EFBC}") = "cs-monkey", "cs-monkey\cs-monkey.csproj", "{11839D38-2EF3-41C0-A741-B364655587A3}"
EndProject
Global
	GlobalSection(SolutionConfigurationPlatforms) = preSolution
		Debug|Any CPU = Debug|Any CPU
		Release|Any CPU = Release|Any CPU
	EndGlobalSection
	GlobalSection(ProjectConfigurationPlatforms) = postSolution
		{11839D38-2EF3-41C0-A741-B364655587A3}.Debug|Any CPU.ActiveCfg = Debug|Any CPU
		{11839D38-2EF3-41C0-A741-B364655587A3}.Debug|Any CPU.Build.0 = Debug|Any CPU
		{11839D38-2EF3-41C0-A741-B364655587A3}.Release|Any CPU.ActiveCfg = Release|Any CPU
		{11839D38-2EF3-41C0-A741-B364655587A3}.Release|Any CPU.Build.0 = Release|Any CPU
	EndGlobalSection
	GlobalSection(SolutionProperties) = preSolution
		HideSolutionNode = FALSE
	EndGlobalSection
	GlobalSection(ExtensibilityGlobals) = postSolution
		SolutionGuid = {F46CEDBD-B65F-4959-9F5E-7A7E6F7C8B70}
	EndGlobalSection
EndGlobal
